
Microsoft Visual Studio Solution File, Format Version 12.00
# Visual Studio Version 16
VisualStudioVersion = 16.0.31624.102
MinimumVisualStudioVersion = 10.0.40219.1
Project("{9A19103F-16F7-4668-BE54-9A1E7A4F7556}") = "BookStoreAPI", "BookStoreAPI\BookStoreAPI.csproj", "{C080726D-2BEC-4651-87F7-B791690A1A01}"
EndProject
Project("{FAE04EC0-301F-11D3-BF4B-00C04F79EFBC}") = "BookStore.Data", "BookStore.Data\BookStore.Data.csproj", "{A97D39A8-9D20-4D3A-960A-F511AB41800E}"
EndProject
Global
	GlobalSection(SolutionConfigurationPlatforms) = preSolution
		Debug|Any CPU = Debug|Any CPU
		Release|Any CPU = Release|Any CPU
	EndGlobalSection
	GlobalSection(ProjectConfigurationPlatforms) = postSolution
		{C080726D-2BEC-4651-87F7-B791690A1A01}.Debug|Any CPU.ActiveCfg = Debug|Any CPU
		{C080726D-2BEC-4651-87F7-B791690A1A01}.Debug|Any CPU.Build.0 = Debug|Any CPU
		{C080726D-2BEC-4651-87F7-B791690A1A01}.Release|Any CPU.ActiveCfg = Release|Any CPU
		{C080726D-2BEC-4651-87F7-B791690A1A01}.Release|Any CPU.Build.0 = Release|Any CPU
		{A97D39A8-9D20-4D3A-960A-F511AB41800E}.Debug|Any CPU.ActiveCfg = Debug|Any CPU
		{A97D39A8-9D20-4D3A-960A-F511AB41800E}.Debug|Any CPU.Build.0 = Debug|Any CPU
		{A97D39A8-9D20-4D3A-960A-F511AB41800E}.Release|Any CPU.ActiveCfg = Release|Any CPU
		{A97D39A8-9D20-4D3A-960A-F511AB41800E}.Release|Any CPU.Build.0 = Release|Any CPU
	EndGlobalSection
	GlobalSection(SolutionProperties) = preSolution
		HideSolutionNode = FALSE
	EndGlobalSection
	GlobalSection(ExtensibilityGlobals) = postSolution
		SolutionGuid = {9B526038-F1E6-47DF-A84F-2EE5257225F1}
	EndGlobalSection
EndGlobal
